{
  "name": "parsing-data-1",
  "version": "1.0.0",
  "lockfileVersion": 1,
  "requires": true,
  "dependencies": {
    "config-json": {
      "version": "1.0.0",
      "resolved": "https://registry.npmjs.org/config-json/-/config-json-1.0.0.tgz",
      "integrity": "sha1-DXvHjQpB940F9chZ48zmajwM8gI="
    }
  }
}
